
Microsoft Visual Studio Solution File, Format Version 12.00
# Visual Studio 15
VisualStudioVersion = 15.0.28307.329
MinimumVisualStudioVersion = 10.0.40219.1
Project("{FAE04EC0-301F-11D3-BF4B-00C04F79EFBC}") = "Natural Number Calculator", "Natural Number Calculator\Natural Number Calculator.csproj", "{F8353C73-4EAB-490B-8A06-C39B00048C22}"
EndProject
Global
	GlobalSection(SolutionConfigurationPlatforms) = preSolution
		Debug|Any CPU = Debug|Any CPU
		Release|Any CPU = Release|Any CPU
	EndGlobalSection
	GlobalSection(ProjectConfigurationPlatforms) = postSolution
		{F8353C73-4EAB-490B-8A06-C39B00048C22}.Debug|Any CPU.ActiveCfg = Debug|Any CPU
		{F8353C73-4EAB-490B-8A06-C39B00048C22}.Debug|Any CPU.Build.0 = Debug|Any CPU
		{F8353C73-4EAB-490B-8A06-C39B00048C22}.Release|Any CPU.ActiveCfg = Release|Any CPU
		{F8353C73-4EAB-490B-8A06-C39B00048C22}.Release|Any CPU.Build.0 = Release|Any CPU
	EndGlobalSection
	GlobalSection(SolutionProperties) = preSolution
		HideSolutionNode = FALSE
	EndGlobalSection
	GlobalSection(ExtensibilityGlobals) = postSolution
		SolutionGuid = {825ED1B2-D3D4-4F57-BDA4-637F8B1F5DB1}
	EndGlobalSection
EndGlobal
